
Microsoft Visual Studio Solution File, Format Version 12.00
# Visual Studio Version 18
VisualStudioVersion = 18.1.11304.174
MinimumVisualStudioVersion = 10.0.40219.1
Project("{2150E333-8FDC-42A3-9474-1A3956D46DE8}") = "src", "src", "{827E0CD3-B72D-47B6-A68D-7590B98EB39B}"
EndProject
Project("{FAE04EC0-301F-11D3-BF4B-00C04F79EFBC}") = "Runewire.Core", "src\Runewire.Core\Runewire.Core.csproj", "{9D02BEBE-6691-4A3A-963E-B735230E0077}"
EndProject
Project("{FAE04EC0-301F-11D3-BF4B-00C04F79EFBC}") = "Runewire.Cli", "src\Runewire.Cli\Runewire.Cli.csproj", "{EF888E41-92F9-4D8B-8D5D-2B67C044B9FA}"
EndProject
Project("{2150E333-8FDC-42A3-9474-1A3956D46DE8}") = "tests", "tests", "{0AB3BF05-4346-4AA6-1389-037BE0695223}"
EndProject
Project("{FAE04EC0-301F-11D3-BF4B-00C04F79EFBC}") = "Runewire.Core.Tests", "tests\Runewire.Core.Tests\Runewire.Core.Tests.csproj", "{7105CD11-4F16-4B96-AF3B-1DD319895F06}"
EndProject
Project("{FAE04EC0-301F-11D3-BF4B-00C04F79EFBC}") = "Runewire.Cli.Tests", "tests\Runewire.Cli.Tests\Runewire.Cli.Tests.csproj", "{E2AE27A2-AC93-4951-B765-81F9ADE82AD4}"
EndProject
Project("{FAE04EC0-301F-11D3-BF4B-00C04F79EFBC}") = "Runewire.Orchestrator", "src\Runewire.Orchestrator\Runewire.Orchestrator.csproj", "{9513D546-A11B-4B61-94AD-754593008061}"
EndProject
Project("{FAE04EC0-301F-11D3-BF4B-00C04F79EFBC}") = "Runewire.Orchestrator.Tests", "tests\Runewire.Orchestrator.Tests\Runewire.Orchestrator.Tests.csproj", "{F92BE00A-B712-00DE-83EF-E3EC79B26174}"
EndProject
Global
	GlobalSection(SolutionConfigurationPlatforms) = preSolution
		Debug|Any CPU = Debug|Any CPU
		Debug|x64 = Debug|x64
		Debug|x86 = Debug|x86
		Release|Any CPU = Release|Any CPU
		Release|x64 = Release|x64
		Release|x86 = Release|x86
	EndGlobalSection
	GlobalSection(ProjectConfigurationPlatforms) = postSolution
		{9D02BEBE-6691-4A3A-963E-B735230E0077}.Debug|Any CPU.ActiveCfg = Debug|Any CPU
		{9D02BEBE-6691-4A3A-963E-B735230E0077}.Debug|Any CPU.Build.0 = Debug|Any CPU
		{9D02BEBE-6691-4A3A-963E-B735230E0077}.Debug|x64.ActiveCfg = Debug|Any CPU
		{9D02BEBE-6691-4A3A-963E-B735230E0077}.Debug|x64.Build.0 = Debug|Any CPU
		{9D02BEBE-6691-4A3A-963E-B735230E0077}.Debug|x86.ActiveCfg = Debug|Any CPU
		{9D02BEBE-6691-4A3A-963E-B735230E0077}.Debug|x86.Build.0 = Debug|Any CPU
		{9D02BEBE-6691-4A3A-963E-B735230E0077}.Release|Any CPU.ActiveCfg = Release|Any CPU
		{9D02BEBE-6691-4A3A-963E-B735230E0077}.Release|Any CPU.Build.0 = Release|Any CPU
		{9D02BEBE-6691-4A3A-963E-B735230E0077}.Release|x64.ActiveCfg = Release|Any CPU
		{9D02BEBE-6691-4A3A-963E-B735230E0077}.Release|x64.Build.0 = Release|Any CPU
		{9D02BEBE-6691-4A3A-963E-B735230E0077}.Release|x86.ActiveCfg = Release|Any CPU
		{9D02BEBE-6691-4A3A-963E-B735230E0077}.Release|x86.Build.0 = Release|Any CPU
		{EF888E41-92F9-4D8B-8D5D-2B67C044B9FA}.Debug|Any CPU.ActiveCfg = Debug|Any CPU
		{EF888E41-92F9-4D8B-8D5D-2B67C044B9FA}.Debug|Any CPU.Build.0 = Debug|Any CPU
		{EF888E41-92F9-4D8B-8D5D-2B67C044B9FA}.Debug|x64.ActiveCfg = Debug|Any CPU
		{EF888E41-92F9-4D8B-8D5D-2B67C044B9FA}.Debug|x64.Build.0 = Debug|Any CPU
		{EF888E41-92F9-4D8B-8D5D-2B67C044B9FA}.Debug|x86.ActiveCfg = Debug|Any CPU
		{EF888E41-92F9-4D8B-8D5D-2B67C044B9FA}.Debug|x86.Build.0 = Debug|Any CPU
		{EF888E41-92F9-4D8B-8D5D-2B67C044B9FA}.Release|Any CPU.ActiveCfg = Release|Any CPU
		{EF888E41-92F9-4D8B-8D5D-2B67C044B9FA}.Release|Any CPU.Build.0 = Release|Any CPU
		{EF888E41-92F9-4D8B-8D5D-2B67C044B9FA}.Release|x64.ActiveCfg = Release|Any CPU
		{EF888E41-92F9-4D8B-8D5D-2B67C044B9FA}.Release|x64.Build.0 = Release|Any CPU
		{EF888E41-92F9-4D8B-8D5D-2B67C044B9FA}.Release|x86.ActiveCfg = Release|Any CPU
		{EF888E41-92F9-4D8B-8D5D-2B67C044B9FA}.Release|x86.Build.0 = Release|Any CPU
		{7105CD11-4F16-4B96-AF3B-1DD319895F06}.Debug|Any CPU.ActiveCfg = Debug|Any CPU
		{7105CD11-4F16-4B96-AF3B-1DD319895F06}.Debug|Any CPU.Build.0 = Debug|Any CPU
		{7105CD11-4F16-4B96-AF3B-1DD319895F06}.Debug|x64.ActiveCfg = Debug|Any CPU
		{7105CD11-4F16-4B96-AF3B-1DD319895F06}.Debug|x64.Build.0 = Debug|Any CPU
		{7105CD11-4F16-4B96-AF3B-1DD319895F06}.Debug|x86.ActiveCfg = Debug|Any CPU
		{7105CD11-4F16-4B96-AF3B-1DD319895F06}.Debug|x86.Build.0 = Debug|Any CPU
		{7105CD11-4F16-4B96-AF3B-1DD319895F06}.Release|Any CPU.ActiveCfg = Release|Any CPU
		{7105CD11-4F16-4B96-AF3B-1DD319895F06}.Release|Any CPU.Build.0 = Release|Any CPU
		{7105CD11-4F16-4B96-AF3B-1DD319895F06}.Release|x64.ActiveCfg = Release|Any CPU
		{7105CD11-4F16-4B96-AF3B-1DD319895F06}.Release|x64.Build.0 = Release|Any CPU
		{7105CD11-4F16-4B96-AF3B-1DD319895F06}.Release|x86.ActiveCfg = Release|Any CPU
		{7105CD11-4F16-4B96-AF3B-1DD319895F06}.Release|x86.Build.0 = Release|Any CPU
		{E2AE27A2-AC93-4951-B765-81F9ADE82AD4}.Debug|Any CPU.ActiveCfg = Debug|Any CPU
		{E2AE27A2-AC93-4951-B765-81F9ADE82AD4}.Debug|Any CPU.Build.0 = Debug|Any CPU
		{E2AE27A2-AC93-4951-B765-81F9ADE82AD4}.Debug|x64.ActiveCfg = Debug|Any CPU
		{E2AE27A2-AC93-4951-B765-81F9ADE82AD4}.Debug|x64.Build.0 = Debug|Any CPU
		{E2AE27A2-AC93-4951-B765-81F9ADE82AD4}.Debug|x86.ActiveCfg = Debug|Any CPU
		{E2AE27A2-AC93-4951-B765-81F9ADE82AD4}.Debug|x86.Build.0 = Debug|Any CPU
		{E2AE27A2-AC93-4951-B765-81F9ADE82AD4}.Release|Any CPU.ActiveCfg = Release|Any CPU
		{E2AE27A2-AC93-4951-B765-81F9ADE82AD4}.Release|Any CPU.Build.0 = Release|Any CPU
		{E2AE27A2-AC93-4951-B765-81F9ADE82AD4}.Release|x64.ActiveCfg = Release|Any CPU
		{E2AE27A2-AC93-4951-B765-81F9ADE82AD4}.Release|x64.Build.0 = Release|Any CPU
		{E2AE27A2-AC93-4951-B765-81F9ADE82AD4}.Release|x86.ActiveCfg = Release|Any CPU
		{E2AE27A2-AC93-4951-B765-81F9ADE82AD4}.Release|x86.Build.0 = Release|Any CPU
		{9513D546-A11B-4B61-94AD-754593008061}.Debug|Any CPU.ActiveCfg = Debug|Any CPU
		{9513D546-A11B-4B61-94AD-754593008061}.Debug|Any CPU.Build.0 = Debug|Any CPU
		{9513D546-A11B-4B61-94AD-754593008061}.Debug|x64.ActiveCfg = Debug|Any CPU
		{9513D546-A11B-4B61-94AD-754593008061}.Debug|x64.Build.0 = Debug|Any CPU
		{9513D546-A11B-4B61-94AD-754593008061}.Debug|x86.ActiveCfg = Debug|Any CPU
		{9513D546-A11B-4B61-94AD-754593008061}.Debug|x86.Build.0 = Debug|Any CPU
		{9513D546-A11B-4B61-94AD-754593008061}.Release|Any CPU.ActiveCfg = Release|Any CPU
		{9513D546-A11B-4B61-94AD-754593008061}.Release|Any CPU.Build.0 = Release|Any CPU
		{9513D546-A11B-4B61-94AD-754593008061}.Release|x64.ActiveCfg = Release|Any CPU
		{9513D546-A11B-4B61-94AD-754593008061}.Release|x64.Build.0 = Release|Any CPU
		{9513D546-A11B-4B61-94AD-754593008061}.Release|x86.ActiveCfg = Release|Any CPU
		{9513D546-A11B-4B61-94AD-754593008061}.Release|x86.Build.0 = Release|Any CPU
		{F92BE00A-B712-00DE-83EF-E3EC79B26174}.Debug|Any CPU.ActiveCfg = Debug|Any CPU
		{F92BE00A-B712-00DE-83EF-E3EC79B26174}.Debug|Any CPU.Build.0 = Debug|Any CPU
		{F92BE00A-B712-00DE-83EF-E3EC79B26174}.Debug|x64.ActiveCfg = Debug|Any CPU
		{F92BE00A-B712-00DE-83EF-E3EC79B26174}.Debug|x64.Build.0 = Debug|Any CPU
		{F92BE00A-B712-00DE-83EF-E3EC79B26174}.Debug|x86.ActiveCfg = Debug|Any CPU
		{F92BE00A-B712-00DE-83EF-E3EC79B26174}.Debug|x86.Build.0 = Debug|Any CPU
		{F92BE00A-B712-00DE-83EF-E3EC79B26174}.Release|Any CPU.ActiveCfg = Release|Any CPU
		{F92BE00A-B712-00DE-83EF-E3EC79B26174}.Release|Any CPU.Build.0 = Release|Any CPU
		{F92BE00A-B712-00DE-83EF-E3EC79B26174}.Release|x64.ActiveCfg = Release|Any CPU
		{F92BE00A-B712-00DE-83EF-E3EC79B26174}.Release|x64.Build.0 = Release|Any CPU
		{F92BE00A-B712-00DE-83EF-E3EC79B26174}.Release|x86.ActiveCfg = Release|Any CPU
		{F92BE00A-B712-00DE-83EF-E3EC79B26174}.Release|x86.Build.0 = Release|Any CPU
	EndGlobalSection
	GlobalSection(SolutionProperties) = preSolution
		HideSolutionNode = FALSE
	EndGlobalSection
	GlobalSection(NestedProjects) = preSolution
		{9D02BEBE-6691-4A3A-963E-B735230E0077} = {827E0CD3-B72D-47B6-A68D-7590B98EB39B}
		{EF888E41-92F9-4D8B-8D5D-2B67C044B9FA} = {827E0CD3-B72D-47B6-A68D-7590B98EB39B}
		{7105CD11-4F16-4B96-AF3B-1DD319895F06} = {0AB3BF05-4346-4AA6-1389-037BE0695223}
		{E2AE27A2-AC93-4951-B765-81F9ADE82AD4} = {0AB3BF05-4346-4AA6-1389-037BE0695223}
		{9513D546-A11B-4B61-94AD-754593008061} = {827E0CD3-B72D-47B6-A68D-7590B98EB39B}
		{F92BE00A-B712-00DE-83EF-E3EC79B26174} = {0AB3BF05-4346-4AA6-1389-037BE0695223}
	EndGlobalSection
EndGlobal
