
Microsoft Visual Studio Solution File, Format Version 12.00
# Visual Studio Version 18
VisualStudioVersion = 18.1.11304.174
MinimumVisualStudioVersion = 10.0.40219.1
Project("{2150E333-8FDC-42A3-9474-1A3956D46DE8}") = "src", "src", "{827E0CD3-B72D-47B6-A68D-7590B98EB39B}"
EndProject
Project("{FAE04EC0-301F-11D3-BF4B-00C04F79EFBC}") = "Runewire.Cli", "src\Runewire.Cli\Runewire.Cli.csproj", "{EF888E41-92F9-4D8B-8D5D-2B67C044B9FA}"
EndProject
Project("{2150E333-8FDC-42A3-9474-1A3956D46DE8}") = "tests", "tests", "{0AB3BF05-4346-4AA6-1389-037BE0695223}"
EndProject
Project("{FAE04EC0-301F-11D3-BF4B-00C04F79EFBC}") = "Runewire.Core.Tests", "tests\Runewire.Core.Tests\Runewire.Core.Tests.csproj", "{7105CD11-4F16-4B96-AF3B-1DD319895F06}"
EndProject
Project("{FAE04EC0-301F-11D3-BF4B-00C04F79EFBC}") = "Runewire.Cli.Tests", "tests\Runewire.Cli.Tests\Runewire.Cli.Tests.csproj", "{E2AE27A2-AC93-4951-B765-81F9ADE82AD4}"
EndProject
Project("{FAE04EC0-301F-11D3-BF4B-00C04F79EFBC}") = "Runewire.Orchestrator", "src\Runewire.Orchestrator\Runewire.Orchestrator.csproj", "{9513D546-A11B-4B61-94AD-754593008061}"
EndProject
Project("{FAE04EC0-301F-11D3-BF4B-00C04F79EFBC}") = "Runewire.Orchestrator.Tests", "tests\Runewire.Orchestrator.Tests\Runewire.Orchestrator.Tests.csproj", "{F92BE00A-B712-00DE-83EF-E3EC79B26174}"
EndProject
Project("{FAE04EC0-301F-11D3-BF4B-00C04F79EFBC}") = "Runewire.Core.Infrastructure", "src\Runewire.Core.Infrastructure\Runewire.Core.Infrastructure.csproj", "{CFCA1C23-F489-43EE-8322-DF01B3FD2C00}"
EndProject
Project("{FAE04EC0-301F-11D3-BF4B-00C04F79EFBC}") = "Runewire.Orchestrator.Infrastructure", "src\Runewire.Orchestrator.Infrastructure\Runewire.Orchestrator.Infrastructure.csproj", "{92C8911B-85D2-4E5D-819C-BA57EE15B000}"
EndProject
Project("{FAE04EC0-301F-11D3-BF4B-00C04F79EFBC}") = "Runewire.Studio", "src\Runewire.Studio\Runewire.Studio.csproj", "{E44F049B-0ABD-4E5A-93C2-A344424BDCCF}"
EndProject
Project("{FAE04EC0-301F-11D3-BF4B-00C04F79EFBC}") = "Runewire.Server", "src\Runewire.Server\Runewire.Server.csproj", "{DD74EC7D-8019-44CF-9762-9791BD208AC4}"
EndProject
Project("{FAE04EC0-301F-11D3-BF4B-00C04F79EFBC}") = "Runewire.Testing", "src\Runewire.Testing\Runewire.Testing.csproj", "{F5A73A42-C882-4B24-95BD-1B0AD9E621D5}"
EndProject
Project("{FAE04EC0-301F-11D3-BF4B-00C04F79EFBC}") = "Runewire.Agent", "src\Runewire.Agent\Runewire.Agent.csproj", "{19308D00-07F9-DF95-933B-33FAB314C704}"
EndProject
Project("{FAE04EC0-301F-11D3-BF4B-00C04F79EFBC}") = "Runewire.Shared", "src\Runewire.Shared\Runewire.Shared.csproj", "{055034F0-CCAE-13AD-4AA3-CC944EC96A7F}"
EndProject
Project("{2150E333-8FDC-42A3-9474-1A3956D46DE8}") = "frontend", "frontend", "{507FF69B-AF5C-407B-8A79-905891D3C164}"
EndProject
Project("{FAE04EC0-301F-11D3-BF4B-00C04F79EFBC}") = "Runewire.Domain", "src\Runewire.Domain\Runewire.Domain.csproj", "{E0A5FF8D-CB02-F624-951E-A59698A5BCD5}"
EndProject
Project("{FAE04EC0-301F-11D3-BF4B-00C04F79EFBC}") = "Runewire.Domain.Tests", "tests\Runewire.Domain.Tests\Runewire.Domain.Tests.csproj", "{BEE8E817-2B71-4765-B282-FB0B8E2F5343}"
EndProject
Project("{2150E333-8FDC-42A3-9474-1A3956D46DE8}") = "unused", "unused", "{02CC8A36-E892-4891-9489-2BE886E7B89C}"
EndProject
Global
	GlobalSection(SolutionConfigurationPlatforms) = preSolution
		Debug|Any CPU = Debug|Any CPU
		Debug|x64 = Debug|x64
		Debug|x86 = Debug|x86
		Release|Any CPU = Release|Any CPU
		Release|x64 = Release|x64
		Release|x86 = Release|x86
	EndGlobalSection
	GlobalSection(ProjectConfigurationPlatforms) = postSolution
		{EF888E41-92F9-4D8B-8D5D-2B67C044B9FA}.Debug|Any CPU.ActiveCfg = Debug|Any CPU
		{EF888E41-92F9-4D8B-8D5D-2B67C044B9FA}.Debug|Any CPU.Build.0 = Debug|Any CPU
		{EF888E41-92F9-4D8B-8D5D-2B67C044B9FA}.Debug|x64.ActiveCfg = Debug|Any CPU
		{EF888E41-92F9-4D8B-8D5D-2B67C044B9FA}.Debug|x64.Build.0 = Debug|Any CPU
		{EF888E41-92F9-4D8B-8D5D-2B67C044B9FA}.Debug|x86.ActiveCfg = Debug|Any CPU
		{EF888E41-92F9-4D8B-8D5D-2B67C044B9FA}.Debug|x86.Build.0 = Debug|Any CPU
		{EF888E41-92F9-4D8B-8D5D-2B67C044B9FA}.Release|Any CPU.ActiveCfg = Release|Any CPU
		{EF888E41-92F9-4D8B-8D5D-2B67C044B9FA}.Release|Any CPU.Build.0 = Release|Any CPU
		{EF888E41-92F9-4D8B-8D5D-2B67C044B9FA}.Release|x64.ActiveCfg = Release|Any CPU
		{EF888E41-92F9-4D8B-8D5D-2B67C044B9FA}.Release|x64.Build.0 = Release|Any CPU
		{EF888E41-92F9-4D8B-8D5D-2B67C044B9FA}.Release|x86.ActiveCfg = Release|Any CPU
		{EF888E41-92F9-4D8B-8D5D-2B67C044B9FA}.Release|x86.Build.0 = Release|Any CPU
		{7105CD11-4F16-4B96-AF3B-1DD319895F06}.Debug|Any CPU.ActiveCfg = Debug|Any CPU
		{7105CD11-4F16-4B96-AF3B-1DD319895F06}.Debug|Any CPU.Build.0 = Debug|Any CPU
		{7105CD11-4F16-4B96-AF3B-1DD319895F06}.Debug|x64.ActiveCfg = Debug|Any CPU
		{7105CD11-4F16-4B96-AF3B-1DD319895F06}.Debug|x64.Build.0 = Debug|Any CPU
		{7105CD11-4F16-4B96-AF3B-1DD319895F06}.Debug|x86.ActiveCfg = Debug|Any CPU
		{7105CD11-4F16-4B96-AF3B-1DD319895F06}.Debug|x86.Build.0 = Debug|Any CPU
		{7105CD11-4F16-4B96-AF3B-1DD319895F06}.Release|Any CPU.ActiveCfg = Release|Any CPU
		{7105CD11-4F16-4B96-AF3B-1DD319895F06}.Release|Any CPU.Build.0 = Release|Any CPU
		{7105CD11-4F16-4B96-AF3B-1DD319895F06}.Release|x64.ActiveCfg = Release|Any CPU
		{7105CD11-4F16-4B96-AF3B-1DD319895F06}.Release|x64.Build.0 = Release|Any CPU
		{7105CD11-4F16-4B96-AF3B-1DD319895F06}.Release|x86.ActiveCfg = Release|Any CPU
		{7105CD11-4F16-4B96-AF3B-1DD319895F06}.Release|x86.Build.0 = Release|Any CPU
		{E2AE27A2-AC93-4951-B765-81F9ADE82AD4}.Debug|Any CPU.ActiveCfg = Debug|Any CPU
		{E2AE27A2-AC93-4951-B765-81F9ADE82AD4}.Debug|Any CPU.Build.0 = Debug|Any CPU
		{E2AE27A2-AC93-4951-B765-81F9ADE82AD4}.Debug|x64.ActiveCfg = Debug|Any CPU
		{E2AE27A2-AC93-4951-B765-81F9ADE82AD4}.Debug|x64.Build.0 = Debug|Any CPU
		{E2AE27A2-AC93-4951-B765-81F9ADE82AD4}.Debug|x86.ActiveCfg = Debug|Any CPU
		{E2AE27A2-AC93-4951-B765-81F9ADE82AD4}.Debug|x86.Build.0 = Debug|Any CPU
		{E2AE27A2-AC93-4951-B765-81F9ADE82AD4}.Release|Any CPU.ActiveCfg = Release|Any CPU
		{E2AE27A2-AC93-4951-B765-81F9ADE82AD4}.Release|Any CPU.Build.0 = Release|Any CPU
		{E2AE27A2-AC93-4951-B765-81F9ADE82AD4}.Release|x64.ActiveCfg = Release|Any CPU
		{E2AE27A2-AC93-4951-B765-81F9ADE82AD4}.Release|x64.Build.0 = Release|Any CPU
		{E2AE27A2-AC93-4951-B765-81F9ADE82AD4}.Release|x86.ActiveCfg = Release|Any CPU
		{E2AE27A2-AC93-4951-B765-81F9ADE82AD4}.Release|x86.Build.0 = Release|Any CPU
		{9513D546-A11B-4B61-94AD-754593008061}.Debug|Any CPU.ActiveCfg = Debug|Any CPU
		{9513D546-A11B-4B61-94AD-754593008061}.Debug|Any CPU.Build.0 = Debug|Any CPU
		{9513D546-A11B-4B61-94AD-754593008061}.Debug|x64.ActiveCfg = Debug|Any CPU
		{9513D546-A11B-4B61-94AD-754593008061}.Debug|x64.Build.0 = Debug|Any CPU
		{9513D546-A11B-4B61-94AD-754593008061}.Debug|x86.ActiveCfg = Debug|Any CPU
		{9513D546-A11B-4B61-94AD-754593008061}.Debug|x86.Build.0 = Debug|Any CPU
		{9513D546-A11B-4B61-94AD-754593008061}.Release|Any CPU.ActiveCfg = Release|Any CPU
		{9513D546-A11B-4B61-94AD-754593008061}.Release|Any CPU.Build.0 = Release|Any CPU
		{9513D546-A11B-4B61-94AD-754593008061}.Release|x64.ActiveCfg = Release|Any CPU
		{9513D546-A11B-4B61-94AD-754593008061}.Release|x64.Build.0 = Release|Any CPU
		{9513D546-A11B-4B61-94AD-754593008061}.Release|x86.ActiveCfg = Release|Any CPU
		{9513D546-A11B-4B61-94AD-754593008061}.Release|x86.Build.0 = Release|Any CPU
		{F92BE00A-B712-00DE-83EF-E3EC79B26174}.Debug|Any CPU.ActiveCfg = Debug|Any CPU
		{F92BE00A-B712-00DE-83EF-E3EC79B26174}.Debug|Any CPU.Build.0 = Debug|Any CPU
		{F92BE00A-B712-00DE-83EF-E3EC79B26174}.Debug|x64.ActiveCfg = Debug|Any CPU
		{F92BE00A-B712-00DE-83EF-E3EC79B26174}.Debug|x64.Build.0 = Debug|Any CPU
		{F92BE00A-B712-00DE-83EF-E3EC79B26174}.Debug|x86.ActiveCfg = Debug|Any CPU
		{F92BE00A-B712-00DE-83EF-E3EC79B26174}.Debug|x86.Build.0 = Debug|Any CPU
		{F92BE00A-B712-00DE-83EF-E3EC79B26174}.Release|Any CPU.ActiveCfg = Release|Any CPU
		{F92BE00A-B712-00DE-83EF-E3EC79B26174}.Release|Any CPU.Build.0 = Release|Any CPU
		{F92BE00A-B712-00DE-83EF-E3EC79B26174}.Release|x64.ActiveCfg = Release|Any CPU
		{F92BE00A-B712-00DE-83EF-E3EC79B26174}.Release|x64.Build.0 = Release|Any CPU
		{F92BE00A-B712-00DE-83EF-E3EC79B26174}.Release|x86.ActiveCfg = Release|Any CPU
		{F92BE00A-B712-00DE-83EF-E3EC79B26174}.Release|x86.Build.0 = Release|Any CPU
		{CFCA1C23-F489-43EE-8322-DF01B3FD2C00}.Debug|Any CPU.ActiveCfg = Debug|Any CPU
		{CFCA1C23-F489-43EE-8322-DF01B3FD2C00}.Debug|Any CPU.Build.0 = Debug|Any CPU
		{CFCA1C23-F489-43EE-8322-DF01B3FD2C00}.Debug|x64.ActiveCfg = Debug|Any CPU
		{CFCA1C23-F489-43EE-8322-DF01B3FD2C00}.Debug|x64.Build.0 = Debug|Any CPU
		{CFCA1C23-F489-43EE-8322-DF01B3FD2C00}.Debug|x86.ActiveCfg = Debug|Any CPU
		{CFCA1C23-F489-43EE-8322-DF01B3FD2C00}.Debug|x86.Build.0 = Debug|Any CPU
		{CFCA1C23-F489-43EE-8322-DF01B3FD2C00}.Release|Any CPU.ActiveCfg = Release|Any CPU
		{CFCA1C23-F489-43EE-8322-DF01B3FD2C00}.Release|Any CPU.Build.0 = Release|Any CPU
		{CFCA1C23-F489-43EE-8322-DF01B3FD2C00}.Release|x64.ActiveCfg = Release|Any CPU
		{CFCA1C23-F489-43EE-8322-DF01B3FD2C00}.Release|x64.Build.0 = Release|Any CPU
		{CFCA1C23-F489-43EE-8322-DF01B3FD2C00}.Release|x86.ActiveCfg = Release|Any CPU
		{CFCA1C23-F489-43EE-8322-DF01B3FD2C00}.Release|x86.Build.0 = Release|Any CPU
		{92C8911B-85D2-4E5D-819C-BA57EE15B000}.Debug|Any CPU.ActiveCfg = Debug|Any CPU
		{92C8911B-85D2-4E5D-819C-BA57EE15B000}.Debug|Any CPU.Build.0 = Debug|Any CPU
		{92C8911B-85D2-4E5D-819C-BA57EE15B000}.Debug|x64.ActiveCfg = Debug|Any CPU
		{92C8911B-85D2-4E5D-819C-BA57EE15B000}.Debug|x64.Build.0 = Debug|Any CPU
		{92C8911B-85D2-4E5D-819C-BA57EE15B000}.Debug|x86.ActiveCfg = Debug|Any CPU
		{92C8911B-85D2-4E5D-819C-BA57EE15B000}.Debug|x86.Build.0 = Debug|Any CPU
		{92C8911B-85D2-4E5D-819C-BA57EE15B000}.Release|Any CPU.ActiveCfg = Release|Any CPU
		{92C8911B-85D2-4E5D-819C-BA57EE15B000}.Release|Any CPU.Build.0 = Release|Any CPU
		{92C8911B-85D2-4E5D-819C-BA57EE15B000}.Release|x64.ActiveCfg = Release|Any CPU
		{92C8911B-85D2-4E5D-819C-BA57EE15B000}.Release|x64.Build.0 = Release|Any CPU
		{92C8911B-85D2-4E5D-819C-BA57EE15B000}.Release|x86.ActiveCfg = Release|Any CPU
		{92C8911B-85D2-4E5D-819C-BA57EE15B000}.Release|x86.Build.0 = Release|Any CPU
		{E44F049B-0ABD-4E5A-93C2-A344424BDCCF}.Debug|Any CPU.ActiveCfg = Debug|Any CPU
		{E44F049B-0ABD-4E5A-93C2-A344424BDCCF}.Debug|Any CPU.Build.0 = Debug|Any CPU
		{E44F049B-0ABD-4E5A-93C2-A344424BDCCF}.Debug|x64.ActiveCfg = Debug|Any CPU
		{E44F049B-0ABD-4E5A-93C2-A344424BDCCF}.Debug|x64.Build.0 = Debug|Any CPU
		{E44F049B-0ABD-4E5A-93C2-A344424BDCCF}.Debug|x86.ActiveCfg = Debug|Any CPU
		{E44F049B-0ABD-4E5A-93C2-A344424BDCCF}.Debug|x86.Build.0 = Debug|Any CPU
		{E44F049B-0ABD-4E5A-93C2-A344424BDCCF}.Release|Any CPU.ActiveCfg = Release|Any CPU
		{E44F049B-0ABD-4E5A-93C2-A344424BDCCF}.Release|Any CPU.Build.0 = Release|Any CPU
		{E44F049B-0ABD-4E5A-93C2-A344424BDCCF}.Release|x64.ActiveCfg = Release|Any CPU
		{E44F049B-0ABD-4E5A-93C2-A344424BDCCF}.Release|x64.Build.0 = Release|Any CPU
		{E44F049B-0ABD-4E5A-93C2-A344424BDCCF}.Release|x86.ActiveCfg = Release|Any CPU
		{E44F049B-0ABD-4E5A-93C2-A344424BDCCF}.Release|x86.Build.0 = Release|Any CPU
		{DD74EC7D-8019-44CF-9762-9791BD208AC4}.Debug|Any CPU.ActiveCfg = Debug|Any CPU
		{DD74EC7D-8019-44CF-9762-9791BD208AC4}.Debug|Any CPU.Build.0 = Debug|Any CPU
		{DD74EC7D-8019-44CF-9762-9791BD208AC4}.Debug|x64.ActiveCfg = Debug|Any CPU
		{DD74EC7D-8019-44CF-9762-9791BD208AC4}.Debug|x64.Build.0 = Debug|Any CPU
		{DD74EC7D-8019-44CF-9762-9791BD208AC4}.Debug|x86.ActiveCfg = Debug|Any CPU
		{DD74EC7D-8019-44CF-9762-9791BD208AC4}.Debug|x86.Build.0 = Debug|Any CPU
		{DD74EC7D-8019-44CF-9762-9791BD208AC4}.Release|Any CPU.ActiveCfg = Release|Any CPU
		{DD74EC7D-8019-44CF-9762-9791BD208AC4}.Release|Any CPU.Build.0 = Release|Any CPU
		{DD74EC7D-8019-44CF-9762-9791BD208AC4}.Release|x64.ActiveCfg = Release|Any CPU
		{DD74EC7D-8019-44CF-9762-9791BD208AC4}.Release|x64.Build.0 = Release|Any CPU
		{DD74EC7D-8019-44CF-9762-9791BD208AC4}.Release|x86.ActiveCfg = Release|Any CPU
		{DD74EC7D-8019-44CF-9762-9791BD208AC4}.Release|x86.Build.0 = Release|Any CPU
		{F5A73A42-C882-4B24-95BD-1B0AD9E621D5}.Debug|Any CPU.ActiveCfg = Debug|Any CPU
		{F5A73A42-C882-4B24-95BD-1B0AD9E621D5}.Debug|Any CPU.Build.0 = Debug|Any CPU
		{F5A73A42-C882-4B24-95BD-1B0AD9E621D5}.Debug|x64.ActiveCfg = Debug|Any CPU
		{F5A73A42-C882-4B24-95BD-1B0AD9E621D5}.Debug|x64.Build.0 = Debug|Any CPU
		{F5A73A42-C882-4B24-95BD-1B0AD9E621D5}.Debug|x86.ActiveCfg = Debug|Any CPU
		{F5A73A42-C882-4B24-95BD-1B0AD9E621D5}.Debug|x86.Build.0 = Debug|Any CPU
		{F5A73A42-C882-4B24-95BD-1B0AD9E621D5}.Release|Any CPU.ActiveCfg = Release|Any CPU
		{F5A73A42-C882-4B24-95BD-1B0AD9E621D5}.Release|Any CPU.Build.0 = Release|Any CPU
		{F5A73A42-C882-4B24-95BD-1B0AD9E621D5}.Release|x64.ActiveCfg = Release|Any CPU
		{F5A73A42-C882-4B24-95BD-1B0AD9E621D5}.Release|x64.Build.0 = Release|Any CPU
		{F5A73A42-C882-4B24-95BD-1B0AD9E621D5}.Release|x86.ActiveCfg = Release|Any CPU
		{F5A73A42-C882-4B24-95BD-1B0AD9E621D5}.Release|x86.Build.0 = Release|Any CPU
		{19308D00-07F9-DF95-933B-33FAB314C704}.Debug|Any CPU.ActiveCfg = Debug|Any CPU
		{19308D00-07F9-DF95-933B-33FAB314C704}.Debug|Any CPU.Build.0 = Debug|Any CPU
		{19308D00-07F9-DF95-933B-33FAB314C704}.Debug|x64.ActiveCfg = Debug|Any CPU
		{19308D00-07F9-DF95-933B-33FAB314C704}.Debug|x64.Build.0 = Debug|Any CPU
		{19308D00-07F9-DF95-933B-33FAB314C704}.Debug|x86.ActiveCfg = Debug|Any CPU
		{19308D00-07F9-DF95-933B-33FAB314C704}.Debug|x86.Build.0 = Debug|Any CPU
		{19308D00-07F9-DF95-933B-33FAB314C704}.Release|Any CPU.ActiveCfg = Release|Any CPU
		{19308D00-07F9-DF95-933B-33FAB314C704}.Release|Any CPU.Build.0 = Release|Any CPU
		{19308D00-07F9-DF95-933B-33FAB314C704}.Release|x64.ActiveCfg = Release|Any CPU
		{19308D00-07F9-DF95-933B-33FAB314C704}.Release|x64.Build.0 = Release|Any CPU
		{19308D00-07F9-DF95-933B-33FAB314C704}.Release|x86.ActiveCfg = Release|Any CPU
		{19308D00-07F9-DF95-933B-33FAB314C704}.Release|x86.Build.0 = Release|Any CPU
		{055034F0-CCAE-13AD-4AA3-CC944EC96A7F}.Debug|Any CPU.ActiveCfg = Debug|Any CPU
		{055034F0-CCAE-13AD-4AA3-CC944EC96A7F}.Debug|Any CPU.Build.0 = Debug|Any CPU
		{055034F0-CCAE-13AD-4AA3-CC944EC96A7F}.Debug|x64.ActiveCfg = Debug|Any CPU
		{055034F0-CCAE-13AD-4AA3-CC944EC96A7F}.Debug|x64.Build.0 = Debug|Any CPU
		{055034F0-CCAE-13AD-4AA3-CC944EC96A7F}.Debug|x86.ActiveCfg = Debug|Any CPU
		{055034F0-CCAE-13AD-4AA3-CC944EC96A7F}.Debug|x86.Build.0 = Debug|Any CPU
		{055034F0-CCAE-13AD-4AA3-CC944EC96A7F}.Release|Any CPU.ActiveCfg = Release|Any CPU
		{055034F0-CCAE-13AD-4AA3-CC944EC96A7F}.Release|Any CPU.Build.0 = Release|Any CPU
		{055034F0-CCAE-13AD-4AA3-CC944EC96A7F}.Release|x64.ActiveCfg = Release|Any CPU
		{055034F0-CCAE-13AD-4AA3-CC944EC96A7F}.Release|x64.Build.0 = Release|Any CPU
		{055034F0-CCAE-13AD-4AA3-CC944EC96A7F}.Release|x86.ActiveCfg = Release|Any CPU
		{055034F0-CCAE-13AD-4AA3-CC944EC96A7F}.Release|x86.Build.0 = Release|Any CPU
		{E0A5FF8D-CB02-F624-951E-A59698A5BCD5}.Debug|Any CPU.ActiveCfg = Debug|Any CPU
		{E0A5FF8D-CB02-F624-951E-A59698A5BCD5}.Debug|Any CPU.Build.0 = Debug|Any CPU
		{E0A5FF8D-CB02-F624-951E-A59698A5BCD5}.Debug|x64.ActiveCfg = Debug|Any CPU
		{E0A5FF8D-CB02-F624-951E-A59698A5BCD5}.Debug|x64.Build.0 = Debug|Any CPU
		{E0A5FF8D-CB02-F624-951E-A59698A5BCD5}.Debug|x86.ActiveCfg = Debug|Any CPU
		{E0A5FF8D-CB02-F624-951E-A59698A5BCD5}.Debug|x86.Build.0 = Debug|Any CPU
		{E0A5FF8D-CB02-F624-951E-A59698A5BCD5}.Release|Any CPU.ActiveCfg = Release|Any CPU
		{E0A5FF8D-CB02-F624-951E-A59698A5BCD5}.Release|Any CPU.Build.0 = Release|Any CPU
		{E0A5FF8D-CB02-F624-951E-A59698A5BCD5}.Release|x64.ActiveCfg = Release|Any CPU
		{E0A5FF8D-CB02-F624-951E-A59698A5BCD5}.Release|x64.Build.0 = Release|Any CPU
		{E0A5FF8D-CB02-F624-951E-A59698A5BCD5}.Release|x86.ActiveCfg = Release|Any CPU
		{E0A5FF8D-CB02-F624-951E-A59698A5BCD5}.Release|x86.Build.0 = Release|Any CPU
		{BEE8E817-2B71-4765-B282-FB0B8E2F5343}.Debug|Any CPU.ActiveCfg = Debug|Any CPU
		{BEE8E817-2B71-4765-B282-FB0B8E2F5343}.Debug|Any CPU.Build.0 = Debug|Any CPU
		{BEE8E817-2B71-4765-B282-FB0B8E2F5343}.Debug|x64.ActiveCfg = Debug|Any CPU
		{BEE8E817-2B71-4765-B282-FB0B8E2F5343}.Debug|x64.Build.0 = Debug|Any CPU
		{BEE8E817-2B71-4765-B282-FB0B8E2F5343}.Debug|x86.ActiveCfg = Debug|Any CPU
		{BEE8E817-2B71-4765-B282-FB0B8E2F5343}.Debug|x86.Build.0 = Debug|Any CPU
		{BEE8E817-2B71-4765-B282-FB0B8E2F5343}.Release|Any CPU.ActiveCfg = Release|Any CPU
		{BEE8E817-2B71-4765-B282-FB0B8E2F5343}.Release|Any CPU.Build.0 = Release|Any CPU
		{BEE8E817-2B71-4765-B282-FB0B8E2F5343}.Release|x64.ActiveCfg = Release|Any CPU
		{BEE8E817-2B71-4765-B282-FB0B8E2F5343}.Release|x64.Build.0 = Release|Any CPU
		{BEE8E817-2B71-4765-B282-FB0B8E2F5343}.Release|x86.ActiveCfg = Release|Any CPU
		{BEE8E817-2B71-4765-B282-FB0B8E2F5343}.Release|x86.Build.0 = Release|Any CPU
	EndGlobalSection
	GlobalSection(SolutionProperties) = preSolution
		HideSolutionNode = FALSE
	EndGlobalSection
	GlobalSection(NestedProjects) = preSolution
		{EF888E41-92F9-4D8B-8D5D-2B67C044B9FA} = {507FF69B-AF5C-407B-8A79-905891D3C164}
		{7105CD11-4F16-4B96-AF3B-1DD319895F06} = {0AB3BF05-4346-4AA6-1389-037BE0695223}
		{E2AE27A2-AC93-4951-B765-81F9ADE82AD4} = {0AB3BF05-4346-4AA6-1389-037BE0695223}
		{9513D546-A11B-4B61-94AD-754593008061} = {827E0CD3-B72D-47B6-A68D-7590B98EB39B}
		{F92BE00A-B712-00DE-83EF-E3EC79B26174} = {0AB3BF05-4346-4AA6-1389-037BE0695223}
		{CFCA1C23-F489-43EE-8322-DF01B3FD2C00} = {827E0CD3-B72D-47B6-A68D-7590B98EB39B}
		{92C8911B-85D2-4E5D-819C-BA57EE15B000} = {827E0CD3-B72D-47B6-A68D-7590B98EB39B}
		{E44F049B-0ABD-4E5A-93C2-A344424BDCCF} = {02CC8A36-E892-4891-9489-2BE886E7B89C}
		{DD74EC7D-8019-44CF-9762-9791BD208AC4} = {02CC8A36-E892-4891-9489-2BE886E7B89C}
		{F5A73A42-C882-4B24-95BD-1B0AD9E621D5} = {02CC8A36-E892-4891-9489-2BE886E7B89C}
		{19308D00-07F9-DF95-933B-33FAB314C704} = {02CC8A36-E892-4891-9489-2BE886E7B89C}
		{055034F0-CCAE-13AD-4AA3-CC944EC96A7F} = {827E0CD3-B72D-47B6-A68D-7590B98EB39B}
		{507FF69B-AF5C-407B-8A79-905891D3C164} = {827E0CD3-B72D-47B6-A68D-7590B98EB39B}
		{E0A5FF8D-CB02-F624-951E-A59698A5BCD5} = {827E0CD3-B72D-47B6-A68D-7590B98EB39B}
		{BEE8E817-2B71-4765-B282-FB0B8E2F5343} = {0AB3BF05-4346-4AA6-1389-037BE0695223}
		{02CC8A36-E892-4891-9489-2BE886E7B89C} = {827E0CD3-B72D-47B6-A68D-7590B98EB39B}
	EndGlobalSection
	GlobalSection(ExtensibilityGlobals) = postSolution
		SolutionGuid = {E5E5F856-5F26-49F2-85C0-6C737C4566C6}
	EndGlobalSection
EndGlobal
